
Microsoft Visual Studio Solution File, Format Version 12.00
# Visual Studio Version 16
VisualStudioVersion = 16.0.30907.101
MinimumVisualStudioVersion = 10.0.40219.1
Project("{FAE04EC0-301F-11D3-BF4B-00C04F79EFBC}") = "Bangalore.API", "Bangalore.API.csproj", "{DE35792B-CCCB-4763-97E9-567FDE9E1D67}"
EndProject
Global
	GlobalSection(SolutionConfigurationPlatforms) = preSolution
		Debug|Any CPU = Debug|Any CPU
		Release|Any CPU = Release|Any CPU
	EndGlobalSection
	GlobalSection(ProjectConfigurationPlatforms) = postSolution
		{DE35792B-CCCB-4763-97E9-567FDE9E1D67}.Debug|Any CPU.ActiveCfg = Debug|Any CPU
		{DE35792B-CCCB-4763-97E9-567FDE9E1D67}.Debug|Any CPU.Build.0 = Debug|Any CPU
		{DE35792B-CCCB-4763-97E9-567FDE9E1D67}.Release|Any CPU.ActiveCfg = Release|Any CPU
		{DE35792B-CCCB-4763-97E9-567FDE9E1D67}.Release|Any CPU.Build.0 = Release|Any CPU
	EndGlobalSection
	GlobalSection(SolutionProperties) = preSolution
		HideSolutionNode = FALSE
	EndGlobalSection
	GlobalSection(ExtensibilityGlobals) = postSolution
		SolutionGuid = {4FACFDBD-0440-48AA-A39A-4563E04BD63B}
	EndGlobalSection
EndGlobal
